
Microsoft Visual Studio Solution File, Format Version 12.00
# Visual Studio Version 17
VisualStudioVersion = 17.14.37614.0 d17.14
MinimumVisualStudioVersion = 10.0.40219.1
Project("{FAE04EC0-301F-11D3-BF4B-00C04F79EFBC}") = "WindowsFormsProject", "WindowsFormsProject.csproj", "{5390D4EF-BD49-45D4-8088-3A2AB701827A}"
EndProject
Global
	GlobalSection(SolutionConfigurationPlatforms) = preSolution
		Debug|Any CPU = Debug|Any CPU
		Release|Any CPU = Release|Any CPU
	EndGlobalSection
	GlobalSection(ProjectConfigurationPlatforms) = postSolution
		{5390D4EF-BD49-45D4-8088-3A2AB701827A}.Debug|Any CPU.ActiveCfg = Debug|Any CPU
		{5390D4EF-BD49-45D4-8088-3A2AB701827A}.Debug|Any CPU.Build.0 = Debug|Any CPU
		{5390D4EF-BD49-45D4-8088-3A2AB701827A}.Release|Any CPU.ActiveCfg = Release|Any CPU
		{5390D4EF-BD49-45D4-8088-3A2AB701827A}.Release|Any CPU.Build.0 = Release|Any CPU
	EndGlobalSection
	GlobalSection(SolutionProperties) = preSolution
		HideSolutionNode = FALSE
	EndGlobalSection
	GlobalSection(ExtensibilityGlobals) = postSolution
		SolutionGuid = {856F1C7F-2EC5-4954-88EF-119998C1FFB7}
	EndGlobalSection
EndGlobal
